
Microsoft Visual Studio Solution File, Format Version 12.00
# Visual Studio 15
VisualStudioVersion = 15.0.28010.2016
MinimumVisualStudioVersion = 10.0.40219.1
Project("{FAE04EC0-301F-11D3-BF4B-00C04F79EFBC}") = "BasicSyncServer", "BasicSyncServer\BasicSyncServer.csproj", "{698B55B6-12F7-43EE-AD3D-A7640BBE7F40}"
EndProject
Global
	GlobalSection(SolutionConfigurationPlatforms) = preSolution
		Debug|Any CPU = Debug|Any CPU
		Release|Any CPU = Release|Any CPU
	EndGlobalSection
	GlobalSection(ProjectConfigurationPlatforms) = postSolution
		{698B55B6-12F7-43EE-AD3D-A7640BBE7F40}.Debug|Any CPU.ActiveCfg = Debug|Any CPU
		{698B55B6-12F7-43EE-AD3D-A7640BBE7F40}.Debug|Any CPU.Build.0 = Debug|Any CPU
		{698B55B6-12F7-43EE-AD3D-A7640BBE7F40}.Release|Any CPU.ActiveCfg = Release|Any CPU
		{698B55B6-12F7-43EE-AD3D-A7640BBE7F40}.Release|Any CPU.Build.0 = Release|Any CPU
	EndGlobalSection
	GlobalSection(SolutionProperties) = preSolution
		HideSolutionNode = FALSE
	EndGlobalSection
	GlobalSection(ExtensibilityGlobals) = postSolution
		SolutionGuid = {29E51C02-85E7-45A4-A694-C4CCB7CE823E}
	EndGlobalSection
EndGlobal
